// !$*UTF8*$!
{
	archiveVersion = 1;
	classes = {
	};
	objectVersion = 50;
	objects = {

/* Begin PBXBuildFile section */
		BFD7F52D2337C5C800658205 /* AppDelegate.swift in Sources */ = {isa = PBXBuildFile; fileRef = BFD7F52C2337C5C800658205 /* AppDelegate.swift */; };
		BFD7F52F2337C5C800658205 /* SceneDelegate.swift in Sources */ = {isa = PBXBuildFile; fileRef = BFD7F52E2337C5C800658205 /* SceneDelegate.swift */; };
		BFD7F5312337C5C800658205 /* ContentView.swift in Sources */ = {isa = PBXBuildFile; fileRef = BFD7F5302337C5C800658205 /* ContentView.swift */; };
		BFD7F5332337C5CB00658205 /* Assets.xcassets in Resources */ = {isa = PBXBuildFile; fileRef = BFD7F5322337C5CB00658205 /* Assets.xcassets */; };
		BFD7F5362337C5CB00658205 /* Preview Assets.xcassets in Resources */ = {isa = PBXBuildFile; fileRef = BFD7F5352337C5CB00658205 /* Preview Assets.xcassets */; };
		BFD7F5392337C5CB00658205 /* LaunchScreen.storyboard in Resources */ = {isa = PBXBuildFile; fileRef = BFD7F5372337C5CB00658205 /* LaunchScreen.storyboard */; };
/* End PBXBuildFile section */

/* Begin PBXFileReference section */
		BFD7F5292337C5C800658205 /* ChuckNorrisNetworkingDemo.app */ = {isa = PBXFileReference; explicitFileType = wrapper.application; includeInIndex = 0; path = ChuckNorrisNetworkingDemo.app; sourceTree = BUILT_PRODUCTS_DIR; };
		BFD7F52C2337C5C800658205 /* AppDelegate.swift */ = {isa = PBXFileReference; lastKnownFileType = sourcecode.swift; path = AppDelegate.swift; sourceTree = "<group>"; };
		BFD7F52E2337C5C800658205 /* SceneDelegate.swift */ = {isa = PBXFileReference; lastKnownFileType = sourcecode.swift; path = SceneDelegate.swift; sourceTree = "<group>"; };
		BFD7F5302337C5C800658205 /* ContentView.swift */ = {isa = PBXFileReference; lastKnownFileType = sourcecode.swift; path = ContentView.swift; sourceTree = "<group>"; };
		BFD7F5322337C5CB00658205 /* Assets.xcassets */ = {isa = PBXFileReference; lastKnownFileType = folder.assetcatalog; path = Assets.xcassets; sourceTree = "<group>"; };
		BFD7F5352337C5CB00658205 /* Preview Assets.xcassets */ = {isa = PBXFileReference; lastKnownFileType = folder.assetcatalog; path = "Preview Assets.xcassets"; sourceTree = "<group>"; };
		BFD7F5382337C5CB00658205 /* Base */ = {isa = PBXFileReference; lastKnownFileType = file.storyboard; name = Base; path = Base.lproj/LaunchScreen.storyboard; sourceTree = "<group>"; };
		BFD7F53A2337C5CB00658205 /* Info.plist */ = {isa = PBXFileReference; lastKnownFileType = text.plist.xml; path = Info.plist; sourceTree = "<group>"; };
/* End PBXFileReference section */

/* Begin PBXFrameworksBuildPhase section */
		BFD7F5262337C5C800658205 /* Frameworks */ = {
			isa = PBXFrameworksBuildPhase;
			buildActionMask = 2147483647;
			files = (
			);
			runOnlyForDeploymentPostprocessing = 0;
		};
/* End PBXFrameworksBuildPhase section */

/* Begin PBXGroup section */
		BFD7F5202337C5C800658205 = {
			isa = PBXGroup;
			children = (
				BFD7F52B2337C5C800658205 /* ChuckNorrisNetworkingDemo */,
				BFD7F52A2337C5C800658205 /* Products */,
			);
			sourceTree = "<group>";
		};
		BFD7F52A2337C5C800658205 /* Products */ = {
			isa = PBXGroup;
			children = (
				BFD7F5292337C5C800658205 /* ChuckNorrisNetworkingDemo.app */,
			);
			name = Products;
			sourceTree = "<group>";
		};
		BFD7F52B2337C5C800658205 /* ChuckNorrisNetworkingDemo */ = {
			isa = PBXGroup;
			children = (
				BFD7F52C2337C5C800658205 /* AppDelegate.swift */,
				BFD7F52E2337C5C800658205 /* SceneDelegate.swift */,
				BFD7F5302337C5C800658205 /* ContentView.swift */,
				BFD7F5322337C5CB00658205 /* Assets.xcassets */,
				BFD7F5372337C5CB00658205 /* LaunchScreen.storyboard */,
				BFD7F53A2337C5CB00658205 /* Info.plist */,
				BFD7F5342337C5CB00658205 /* Preview Content */,
			);
			path = ChuckNorrisNetworkingDemo;
			sourceTree = "<group>";
		};
		BFD7F5342337C5CB00658205 /* Preview Content */ = {
			isa = PBXGroup;
			children = (
				BFD7F5352337C5CB00658205 /* Preview Assets.xcassets */,
			);
			path = "Preview Content";
			sourceTree = "<group>";
		};
/* End PBXGroup section */

/* Begin PBXNativeTarget section */
		BFD7F5282337C5C800658205 /* ChuckNorrisNetworkingDemo */ = {
			isa = PBXNativeTarget;
			buildConfigurationList = BFD7F53D2337C5CB00658205 /* Build configuration list for PBXNativeTarget "ChuckNorrisNetworkingDemo" */;
			buildPhases = (
				BFD7F5252337C5C800658205 /* Sources */,
				BFD7F5262337C5C800658205 /* Frameworks */,
				BFD7F5272337C5C800658205 /* Resources */,
			);
			buildRules = (
			);
			dependencies = (
			);
			name = ChuckNorrisNetworkingDemo;
			productName = ChuckNorrisNetworkingDemo;
			productReference = BFD7F5292337C5C800658205 /* ChuckNorrisNetworkingDemo.app */;
			productType = "com.apple.product-type.application";
		};
/* End PBXNativeTarget section */

/* Begin PBXProject section */
		BFD7F5212337C5C800658205 /* Project object */ = {
			isa = PBXProject;
			attributes = {
				LastSwiftUpdateCheck = 1100;
				LastUpgradeCheck = 1100;
				ORGANIZATIONNAME = Jimmy;
				TargetAttributes = {
					BFD7F5282337C5C800658205 = {
						CreatedOnToolsVersion = 11.0;
					};
				};
			};
			buildConfigurationList = BFD7F5242337C5C800658205 /* Build configuration list for PBXProject "ChuckNorrisNetworkingDemo" */;
			compatibilityVersion = "Xcode 9.3";
			developmentRegion = en;
			hasScannedForEncodings = 0;
			knownRegions = (
				en,
				Base,
			);
			mainGroup = BFD7F5202337C5C800658205;
			productRefGroup = BFD7F52A2337C5C800658205 /* Products */;
			projectDirPath = "";
			projectRoot = "";
			targets = (
				BFD7F5282337C5C800658205 /* ChuckNorrisNetworkingDemo */,
			);
		};
/* End PBXProject section */

/* Begin PBXResourcesBuildPhase section */
		BFD7F5272337C5C800658205 /* Resources */ = {
			isa = PBXResourcesBuildPhase;
			buildActionMask = 2147483647;
			files = (
				BFD7F5392337C5CB00658205 /* LaunchScreen.storyboard in Resources */,
				BFD7F5362337C5CB00658205 /* Preview Assets.xcassets in Resources */,
				BFD7F5332337C5CB00658205 /* Assets.xcassets in Resources */,
			);
			runOnlyForDeploymentPostprocessing = 0;
		};
/* End PBXResourcesBuildPhase section */

/* Begin PBXSourcesBuildPhase section */
		BFD7F5252337C5C800658205 /* Sources */ = {
			isa = PBXSourcesBuildPhase;
			buildActionMask = 2147483647;
			files = (
				BFD7F52D2337C5C800658205 /* AppDelegate.swift in Sources */,
				BFD7F52F2337C5C800658205 /* SceneDelegate.swift in Sources */,
				BFD7F5312337C5C800658205 /* ContentView.swift in Sources */,
			);
			runOnlyForDeploymentPostprocessing = 0;
		};
/* End PBXSourcesBuildPhase section */

/* Begin PBXVariantGroup section */
		BFD7F5372337C5CB00658205 /* LaunchScreen.storyboard */ = {
			isa = PBXVariantGroup;
			children = (
				BFD7F5382337C5CB00658205 /* Base */,
			);
			name = LaunchScreen.storyboard;
			sourceTree = "<group>";
		};
/* End PBXVariantGroup section */

/* Begin XCBuildConfiguration section */
		BFD7F53B2337C5CB00658205 /* Debug */ = {
			isa = XCBuildConfiguration;
			buildSettings = {
				ALWAYS_SEARCH_USER_PATHS = NO;
				CLANG_ANALYZER_NONNULL = YES;
				CLANG_ANALYZER_NUMBER_OBJECT_CONVERSION = YES_AGGRESSIVE;
				CLANG_CXX_LANGUAGE_STANDARD = "gnu++14";
				CLANG_CXX_LIBRARY = "libc++";
				CLANG_ENABLE_MODULES = YES;
				CLANG_ENABLE_OBJC_ARC = YES;
				CLANG_ENABLE_OBJC_WEAK = YES;
				CLANG_WARN_BLOCK_CAPTURE_AUTORELEASING = YES;
				CLANG_WARN_BOOL_CONVERSION = YES;
				CLANG_WARN_COMMA = YES;
				CLANG_WARN_CONSTANT_CONVERSION = YES;
				CLANG_WARN_DEPRECATED_OBJC_IMPLEMENTATIONS = YES;
				CLANG_WARN_DIRECT_OBJC_ISA_USAGE = YES_ERROR;
				CLANG_WARN_DOCUMENTATION_COMMENTS = YES;
				CLANG_WARN_EMPTY_BODY = YES;
				CLANG_WARN_ENUM_CONVERSION = YES;
				CLANG_WARN_INFINITE_RECURSION = YES;
				CLANG_WARN_INT_CONVERSION = YES;
				CLANG_WARN_NON_LITERAL_NULL_CONVERSION = YES;
				CLANG_WARN_OBJC_IMPLICIT_RETAIN_SELF = YES;
				CLANG_WARN_OBJC_LITERAL_CONVERSION = YES;
				CLANG_WARN_OBJC_ROOT_CLASS = YES_ERROR;
				CLANG_WARN_RANGE_LOOP_ANALYSIS = YES;
				CLANG_WARN_STRICT_PROTOTYPES = YES;
				CLANG_WARN_SUSPICIOUS_MOVE = YES;
				CLANG_WARN_UNGUARDED_AVAILABILITY = YES_AGGRESSIVE;
				CLANG_WARN_UNREACHABLE_CODE = YES;
				CLANG_WARN__DUPLICATE_METHOD_MATCH = YES;
				COPY_PHASE_STRIP = NO;
				DEBUG_INFORMATION_FORMAT = dwarf;
				ENABLE_STRICT_OBJC_MSGSEND = YES;
				ENABLE_TESTABILITY = YES;
				GCC_C_LANGUAGE_STANDARD = gnu11;
				GCC_DYNAMIC_NO_PIC = NO;
				GCC_NO_COMMON_BLOCKS = YES;
				GCC_OPTIMIZATION_LEVEL = 0;
				GCC_PREPROCESSOR_DEFINITIONS = (
					"DEBUG=1",
					"$(inherited)",
				);
				GCC_WARN_64_TO_32_BIT_CONVERSION = YES;
				GCC_WARN_ABOUT_RETURN_TYPE = YES_ERROR;
				GCC_WARN_UNDECLARED_SELECTOR = YES;
				GCC_WARN_UNINITIALIZED_AUTOS = YES_AGGRESSIVE;
				GCC_WARN_UNUSED_FUNCTION = YES;
				GCC_WARN_UNUSED_VARIABLE = YES;
				IPHONEOS_DEPLOYMENT_TARGET = 13.0;
				MTL_ENABLE_DEBUG_INFO = INCLUDE_SOURCE;
				MTL_FAST_MATH = YES;
				ONLY_ACTIVE_ARCH = YES;
				SDKROOT = iphoneos;
				SWIFT_ACTIVE_COMPILATION_CONDITIONS = DEBUG;
				SWIFT_OPTIMIZATION_LEVEL = "-Onone";
			};
			name = Debug;
		};
		BFD7F53C2337C5CB00658205 /* Release */ = {
			isa = XCBuildConfiguration;
			buildSettings = {
				ALWAYS_SEARCH_USER_PATHS = NO;
				CLANG_ANALYZER_NONNULL = YES;
				CLANG_ANALYZER_NUMBER_OBJECT_CONVERSION = YES_AGGRESSIVE;
				CLANG_CXX_LANGUAGE_STANDARD = "gnu++14";
				CLANG_CXX_LIBRARY = "libc++";
				CLANG_ENABLE_MODULES = YES;
				CLANG_ENABLE_OBJC_ARC = YES;
				CLANG_ENABLE_OBJC_WEAK = YES;
				CLANG_WARN_BLOCK_CAPTURE_AUTORELEASING = YES;
				CLANG_WARN_BOOL_CONVERSION = YES;
				CLANG_WARN_COMMA = YES;
				CLANG_WARN_CONSTANT_CONVERSION = YES;
				CLANG_WARN_DEPRECATED_OBJC_IMPLEMENTATIONS = YES;
				CLANG_WARN_DIRECT_OBJC_ISA_USAGE = YES_ERROR;
				CLANG_WARN_DOCUMENTATION_COMMENTS = YES;
				CLANG_WARN_EMPTY_BODY = YES;
				CLANG_WARN_ENUM_CONVERSION = YES;
				CLANG_WARN_INFINITE_RECURSION = YES;
				CLANG_WARN_INT_CONVERSION = YES;
				CLANG_WARN_NON_LITERAL_NULL_CONVERSION = YES;
				CLANG_WARN_OBJC_IMPLICIT_RETAIN_SELF = YES;
				CLANG_WARN_OBJC_LITERAL_CONVERSION = YES;
				CLANG_WARN_OBJC_ROOT_CLASS = YES_ERROR;
				CLANG_WARN_RANGE_LOOP_ANALYSIS = YES;
				CLANG_WARN_STRICT_PROTOTYPES = YES;
				CLANG_WARN_SUSPICIOUS_MOVE = YES;
				CLANG_WARN_UNGUARDED_AVAILABILITY = YES_AGGRESSIVE;
				CLANG_WARN_UNREACHABLE_CODE = YES;
				CLANG_WARN__DUPLICATE_METHOD_MATCH = YES;
				COPY_PHASE_STRIP = NO;
				DEBUG_INFORMATION_FORMAT = "dwarf-with-dsym";
				ENABLE_NS_ASSERTIONS = NO;
				ENABLE_STRICT_OBJC_MSGSEND = YES;
				GCC_C_LANGUAGE_STANDARD = gnu11;
				GCC_NO_COMMON_BLOCKS = YES;
				GCC_WARN_64_TO_32_BIT_CONVERSION = YES;
				GCC_WARN_ABOUT_RETURN_TYPE = YES_ERROR;
				GCC_WARN_UNDECLARED_SELECTOR = YES;
				GCC_WARN_UNINITIALIZED_AUTOS = YES_AGGRESSIVE;
				GCC_WARN_UNUSED_FUNCTION = YES;
				GCC_WARN_UNUSED_VARIABLE = YES;
				IPHONEOS_DEPLOYMENT_TARGET = 13.0;
				MTL_ENABLE_DEBUG_INFO = NO;
				MTL_FAST_MATH = YES;
				SDKROOT = iphoneos;
				SWIFT_COMPILATION_MODE = wholemodule;
				SWIFT_OPTIMIZATION_LEVEL = "-O";
				VALIDATE_PRODUCT = YES;
			};
			name = Release;
		};
		BFD7F53E2337C5CB00658205 /* Debug */ = {
			isa = XCBuildConfiguration;
			buildSettings = {
				ASSETCATALOG_COMPILER_APPICON_NAME = AppIcon;
				CODE_SIGN_STYLE = Automatic;
				DEVELOPMENT_ASSET_PATHS = "\"ChuckNorrisNetworkingDemo/Preview Content\"";
				DEVELOPMENT_TEAM = 8P5JAYPRGQ;
				ENABLE_PREVIEWS = YES;
				INFOPLIST_FILE = ChuckNorrisNetworkingDemo/Info.plist;
				LD_RUNPATH_SEARCH_PATHS = (
					"$(inherited)",
					"@executable_path/Frameworks",
				);
				PRODUCT_BUNDLE_IDENTIFIER = com.SaladSandwich.ChuckNorrisNetworkingDemo;
				PRODUCT_NAME = "$(TARGET_NAME)";
				SWIFT_VERSION = 5.0;
				TARGETED_DEVICE_FAMILY = "1,2";
			};
			name = Debug;
		};
		BFD7F53F2337C5CB00658205 /* Release */ = {
			isa = XCBuildConfiguration;
			buildSettings = {
				ASSETCATALOG_COMPILER_APPICON_NAME = AppIcon;
				CODE_SIGN_STYLE = Automatic;
				DEVELOPMENT_ASSET_PATHS = "\"ChuckNorrisNetworkingDemo/Preview Content\"";
				DEVELOPMENT_TEAM = 8P5JAYPRGQ;
				ENABLE_PREVIEWS = YES;
				INFOPLIST_FILE = ChuckNorrisNetworkingDemo/Info.plist;
				LD_RUNPATH_SEARCH_PATHS = (
					"$(inherited)",
					"@executable_path/Frameworks",
				);
				PRODUCT_BUNDLE_IDENTIFIER = com.SaladSandwich.ChuckNorrisNetworkingDemo;
				PRODUCT_NAME = "$(TARGET_NAME)";
				SWIFT_VERSION = 5.0;
				TARGETED_DEVICE_FAMILY = "1,2";
			};
			name = Release;
		};
/* End XCBuildConfiguration section */

/* Begin XCConfigurationList section */
		BFD7F5242337C5C800658205 /* Build configuration list for PBXProject "ChuckNorrisNetworkingDemo" */ = {
			isa = XCConfigurationList;
			buildConfigurations = (
				BFD7F53B2337C5CB00658205 /* Debug */,
				BFD7F53C2337C5CB00658205 /* Release */,
			);
			defaultConfigurationIsVisible = 0;
			defaultConfigurationName = Release;
		};
		BFD7F53D2337C5CB00658205 /* Build configuration list for PBXNativeTarget "ChuckNorrisNetworkingDemo" */ = {
			isa = XCConfigurationList;
			buildConfigurations = (
				BFD7F53E2337C5CB00658205 /* Debug */,
				BFD7F53F2337C5CB00658205 /* Release */,
			);
			defaultConfigurationIsVisible = 0;
			defaultConfigurationName = Release;
		};
/* End XCConfigurationList section */
	};
	rootObject = BFD7F5212337C5C800658205 /* Project object */;
}
